// !$*UTF8*$!
{
	archiveVersion = 1;
	classes = {
	};
	objectVersion = 46;
	objects = {

/* Begin PBXBuildFile section */
		D3D12FEF1F221A2800AD87B4 /* AppDelegate.swift in Sources */ = {isa = PBXBuildFile; fileRef = D3D12FEE1F221A2800AD87B4 /* AppDelegate.swift */; };
		D3D12FF11F221A2800AD87B4 /* ViewController.swift in Sources */ = {isa = PBXBuildFile; fileRef = D3D12FF01F221A2800AD87B4 /* ViewController.swift */; };
		D3D12FF41F221A2800AD87B4 /* Main.storyboard in Resources */ = {isa = PBXBuildFile; fileRef = D3D12FF21F221A2800AD87B4 /* Main.storyboard */; };
		D3D12FF61F221A2800AD87B4 /* Assets.xcassets in Resources */ = {isa = PBXBuildFile; fileRef = D3D12FF51F221A2800AD87B4 /* Assets.xcassets */; };
		D3D12FF91F221A2800AD87B4 /* LaunchScreen.storyboard in Resources */ = {isa = PBXBuildFile; fileRef = D3D12FF71F221A2800AD87B4 /* LaunchScreen.storyboard */; };
		D3D130021F221C3500AD87B4 /* StringFormatter.swift in Sources */ = {isa = PBXBuildFile; fileRef = D3D130011F221C3500AD87B4 /* StringFormatter.swift */; };
/* End PBXBuildFile section */

/* Begin PBXFileReference section */
		D3D12FEB1F221A2800AD87B4 /* StringFormatter.app */ = {isa = PBXFileReference; explicitFileType = wrapper.application; includeInIndex = 0; path = StringFormatter.app; sourceTree = BUILT_PRODUCTS_DIR; };
		D3D12FEE1F221A2800AD87B4 /* AppDelegate.swift */ = {isa = PBXFileReference; lastKnownFileType = sourcecode.swift; path = AppDelegate.swift; sourceTree = "<group>"; };
		D3D12FF01F221A2800AD87B4 /* ViewController.swift */ = {isa = PBXFileReference; lastKnownFileType = sourcecode.swift; path = ViewController.swift; sourceTree = "<group>"; };
		D3D12FF31F221A2800AD87B4 /* Base */ = {isa = PBXFileReference; lastKnownFileType = file.storyboard; name = Base; path = Base.lproj/Main.storyboard; sourceTree = "<group>"; };
		D3D12FF51F221A2800AD87B4 /* Assets.xcassets */ = {isa = PBXFileReference; lastKnownFileType = folder.assetcatalog; path = Assets.xcassets; sourceTree = "<group>"; };
		D3D12FF81F221A2800AD87B4 /* Base */ = {isa = PBXFileReference; lastKnownFileType = file.storyboard; name = Base; path = Base.lproj/LaunchScreen.storyboard; sourceTree = "<group>"; };
		D3D12FFA1F221A2800AD87B4 /* Info.plist */ = {isa = PBXFileReference; lastKnownFileType = text.plist.xml; path = Info.plist; sourceTree = "<group>"; };
		D3D130011F221C3500AD87B4 /* StringFormatter.swift */ = {isa = PBXFileReference; fileEncoding = 4; lastKnownFileType = sourcecode.swift; path = StringFormatter.swift; sourceTree = "<group>"; };
/* End PBXFileReference section */

/* Begin PBXFrameworksBuildPhase section */
		D3D12FE81F221A2800AD87B4 /* Frameworks */ = {
			isa = PBXFrameworksBuildPhase;
			buildActionMask = 2147483647;
			files = (
			);
			runOnlyForDeploymentPostprocessing = 0;
		};
/* End PBXFrameworksBuildPhase section */

/* Begin PBXGroup section */
		D3D12FE21F221A2800AD87B4 = {
			isa = PBXGroup;
			children = (
				D3D12FED1F221A2800AD87B4 /* StringFormatter */,
				D3D12FEC1F221A2800AD87B4 /* Products */,
			);
			sourceTree = "<group>";
		};
		D3D12FEC1F221A2800AD87B4 /* Products */ = {
			isa = PBXGroup;
			children = (
				D3D12FEB1F221A2800AD87B4 /* StringFormatter.app */,
			);
			name = Products;
			sourceTree = "<group>";
		};
		D3D12FED1F221A2800AD87B4 /* StringFormatter */ = {
			isa = PBXGroup;
			children = (
				D3D130001F221C3500AD87B4 /* Classes */,
				D3D12FEE1F221A2800AD87B4 /* AppDelegate.swift */,
				D3D12FF01F221A2800AD87B4 /* ViewController.swift */,
				D3D12FF21F221A2800AD87B4 /* Main.storyboard */,
				D3D12FF51F221A2800AD87B4 /* Assets.xcassets */,
				D3D12FF71F221A2800AD87B4 /* LaunchScreen.storyboard */,
				D3D12FFA1F221A2800AD87B4 /* Info.plist */,
			);
			path = StringFormatter;
			sourceTree = "<group>";
		};
		D3D130001F221C3500AD87B4 /* Classes */ = {
			isa = PBXGroup;
			children = (
				D3D130011F221C3500AD87B4 /* StringFormatter.swift */,
			);
			path = Classes;
			sourceTree = "<group>";
		};
/* End PBXGroup section */

/* Begin PBXNativeTarget section */
		D3D12FEA1F221A2800AD87B4 /* StringFormatter */ = {
			isa = PBXNativeTarget;
			buildConfigurationList = D3D12FFD1F221A2800AD87B4 /* Build configuration list for PBXNativeTarget "StringFormatter" */;
			buildPhases = (
				D3D12FE71F221A2800AD87B4 /* Sources */,
				D3D12FE81F221A2800AD87B4 /* Frameworks */,
				D3D12FE91F221A2800AD87B4 /* Resources */,
			);
			buildRules = (
			);
			dependencies = (
			);
			name = StringFormatter;
			productName = StringFormatter;
			productReference = D3D12FEB1F221A2800AD87B4 /* StringFormatter.app */;
			productType = "com.apple.product-type.application";
		};
/* End PBXNativeTarget section */

/* Begin PBXProject section */
		D3D12FE31F221A2800AD87B4 /* Project object */ = {
			isa = PBXProject;
			attributes = {
				LastSwiftUpdateCheck = 0830;
				LastUpgradeCheck = 0830;
				ORGANIZATIONNAME = "Anil ORUC";
				TargetAttributes = {
					D3D12FEA1F221A2800AD87B4 = {
						CreatedOnToolsVersion = 8.3.3;
						ProvisioningStyle = Automatic;
					};
				};
			};
			buildConfigurationList = D3D12FE61F221A2800AD87B4 /* Build configuration list for PBXProject "StringFormatter" */;
			compatibilityVersion = "Xcode 3.2";
			developmentRegion = English;
			hasScannedForEncodings = 0;
			knownRegions = (
				en,
				Base,
			);
			mainGroup = D3D12FE21F221A2800AD87B4;
			productRefGroup = D3D12FEC1F221A2800AD87B4 /* Products */;
			projectDirPath = "";
			projectRoot = "";
			targets = (
				D3D12FEA1F221A2800AD87B4 /* StringFormatter */,
			);
		};
/* End PBXProject section */

/* Begin PBXResourcesBuildPhase section */
		D3D12FE91F221A2800AD87B4 /* Resources */ = {
			isa = PBXResourcesBuildPhase;
			buildActionMask = 2147483647;
			files = (
				D3D12FF91F221A2800AD87B4 /* LaunchScreen.storyboard in Resources */,
				D3D12FF61F221A2800AD87B4 /* Assets.xcassets in Resources */,
				D3D12FF41F221A2800AD87B4 /* Main.storyboard in Resources */,
			);
			runOnlyForDeploymentPostprocessing = 0;
		};
/* End PBXResourcesBuildPhase section */

/* Begin PBXSourcesBuildPhase section */
		D3D12FE71F221A2800AD87B4 /* Sources */ = {
			isa = PBXSourcesBuildPhase;
			buildActionMask = 2147483647;
			files = (
				D3D12FF11F221A2800AD87B4 /* ViewController.swift in Sources */,
				D3D130021F221C3500AD87B4 /* StringFormatter.swift in Sources */,
				D3D12FEF1F221A2800AD87B4 /* AppDelegate.swift in Sources */,
			);
			runOnlyForDeploymentPostprocessing = 0;
		};
/* End PBXSourcesBuildPhase section */

/* Begin PBXVariantGroup section */
		D3D12FF21F221A2800AD87B4 /* Main.storyboard */ = {
			isa = PBXVariantGroup;
			children = (
				D3D12FF31F221A2800AD87B4 /* Base */,
			);
			name = Main.storyboard;
			sourceTree = "<group>";
		};
		D3D12FF71F221A2800AD87B4 /* LaunchScreen.storyboard */ = {
			isa = PBXVariantGroup;
			children = (
				D3D12FF81F221A2800AD87B4 /* Base */,
			);
			name = LaunchScreen.storyboard;
			sourceTree = "<group>";
		};
/* End PBXVariantGroup section */

/* Begin XCBuildConfiguration section */
		D3D12FFB1F221A2800AD87B4 /* Debug */ = {
			isa = XCBuildConfiguration;
			buildSettings = {
				ALWAYS_SEARCH_USER_PATHS = NO;
				CLANG_ANALYZER_NONNULL = YES;
				CLANG_ANALYZER_NUMBER_OBJECT_CONVERSION = YES_AGGRESSIVE;
				CLANG_CXX_LANGUAGE_STANDARD = "gnu++0x";
				CLANG_CXX_LIBRARY = "libc++";
				CLANG_ENABLE_MODULES = YES;
				CLANG_ENABLE_OBJC_ARC = YES;
				CLANG_WARN_BOOL_CONVERSION = YES;
				CLANG_WARN_CONSTANT_CONVERSION = YES;
				CLANG_WARN_DIRECT_OBJC_ISA_USAGE = YES_ERROR;
				CLANG_WARN_DOCUMENTATION_COMMENTS = YES;
				CLANG_WARN_EMPTY_BODY = YES;
				CLANG_WARN_ENUM_CONVERSION = YES;
				CLANG_WARN_INFINITE_RECURSION = YES;
				CLANG_WARN_INT_CONVERSION = YES;
				CLANG_WARN_OBJC_ROOT_CLASS = YES_ERROR;
				CLANG_WARN_SUSPICIOUS_MOVE = YES;
				CLANG_WARN_UNREACHABLE_CODE = YES;
				CLANG_WARN__DUPLICATE_METHOD_MATCH = YES;
				"CODE_SIGN_IDENTITY[sdk=iphoneos*]" = "iPhone Developer";
				COPY_PHASE_STRIP = NO;
				DEBUG_INFORMATION_FORMAT = dwarf;
				ENABLE_STRICT_OBJC_MSGSEND = YES;
				ENABLE_TESTABILITY = YES;
				GCC_C_LANGUAGE_STANDARD = gnu99;
				GCC_DYNAMIC_NO_PIC = NO;
				GCC_NO_COMMON_BLOCKS = YES;
				GCC_OPTIMIZATION_LEVEL = 0;
				GCC_PREPROCESSOR_DEFINITIONS = (
					"DEBUG=1",
					"$(inherited)",
				);
				GCC_WARN_64_TO_32_BIT_CONVERSION = YES;
				GCC_WARN_ABOUT_RETURN_TYPE = YES_ERROR;
				GCC_WARN_UNDECLARED_SELECTOR = YES;
				GCC_WARN_UNINITIALIZED_AUTOS = YES_AGGRESSIVE;
				GCC_WARN_UNUSED_FUNCTION = YES;
				GCC_WARN_UNUSED_VARIABLE = YES;
				IPHONEOS_DEPLOYMENT_TARGET = 10.3;
				MTL_ENABLE_DEBUG_INFO = YES;
				ONLY_ACTIVE_ARCH = YES;
				SDKROOT = iphoneos;
				SWIFT_ACTIVE_COMPILATION_CONDITIONS = DEBUG;
				SWIFT_OPTIMIZATION_LEVEL = "-Onone";
				TARGETED_DEVICE_FAMILY = "1,2";
			};
			name = Debug;
		};
		D3D12FFC1F221A2800AD87B4 /* Release */ = {
			isa = XCBuildConfiguration;
			buildSettings = {
				ALWAYS_SEARCH_USER_PATHS = NO;
				CLANG_ANALYZER_NONNULL = YES;
				CLANG_ANALYZER_NUMBER_OBJECT_CONVERSION = YES_AGGRESSIVE;
				CLANG_CXX_LANGUAGE_STANDARD = "gnu++0x";
				CLANG_CXX_LIBRARY = "libc++";
				CLANG_ENABLE_MODULES = YES;
				CLANG_ENABLE_OBJC_ARC = YES;
				CLANG_WARN_BOOL_CONVERSION = YES;
				CLANG_WARN_CONSTANT_CONVERSION = YES;
				CLANG_WARN_DIRECT_OBJC_ISA_USAGE = YES_ERROR;
				CLANG_WARN_DOCUMENTATION_COMMENTS = YES;
				CLANG_WARN_EMPTY_BODY = YES;
				CLANG_WARN_ENUM_CONVERSION = YES;
				CLANG_WARN_INFINITE_RECURSION = YES;
				CLANG_WARN_INT_CONVERSION = YES;
				CLANG_WARN_OBJC_ROOT_CLASS = YES_ERROR;
				CLANG_WARN_SUSPICIOUS_MOVE = YES;
				CLANG_WARN_UNREACHABLE_CODE = YES;
				CLANG_WARN__DUPLICATE_METHOD_MATCH = YES;
				"CODE_SIGN_IDENTITY[sdk=iphoneos*]" = "iPhone Developer";
				COPY_PHASE_STRIP = NO;
				DEBUG_INFORMATION_FORMAT = "dwarf-with-dsym";
				ENABLE_NS_ASSERTIONS = NO;
				ENABLE_STRICT_OBJC_MSGSEND = YES;
				GCC_C_LANGUAGE_STANDARD = gnu99;
				GCC_NO_COMMON_BLOCKS = YES;
				GCC_WARN_64_TO_32_BIT_CONVERSION = YES;
				GCC_WARN_ABOUT_RETURN_TYPE = YES_ERROR;
				GCC_WARN_UNDECLARED_SELECTOR = YES;
				GCC_WARN_UNINITIALIZED_AUTOS = YES_AGGRESSIVE;
				GCC_WARN_UNUSED_FUNCTION = YES;
				GCC_WARN_UNUSED_VARIABLE = YES;
				IPHONEOS_DEPLOYMENT_TARGET = 10.3;
				MTL_ENABLE_DEBUG_INFO = NO;
				SDKROOT = iphoneos;
				SWIFT_OPTIMIZATION_LEVEL = "-Owholemodule";
				TARGETED_DEVICE_FAMILY = "1,2";
				VALIDATE_PRODUCT = YES;
			};
			name = Release;
		};
		D3D12FFE1F221A2800AD87B4 /* Debug */ = {
			isa = XCBuildConfiguration;
			buildSettings = {
				ASSETCATALOG_COMPILER_APPICON_NAME = AppIcon;
				INFOPLIST_FILE = StringFormatter/Info.plist;
				LD_RUNPATH_SEARCH_PATHS = "$(inherited) @executable_path/Frameworks";
				PRODUCT_BUNDLE_IDENTIFIER = AnilORUC.StringFormatter;
				PRODUCT_NAME = "$(TARGET_NAME)";
				SWIFT_VERSION = 4.0;
			};
			name = Debug;
		};
		D3D12FFF1F221A2800AD87B4 /* Release */ = {
			isa = XCBuildConfiguration;
			buildSettings = {
				ASSETCATALOG_COMPILER_APPICON_NAME = AppIcon;
				INFOPLIST_FILE = StringFormatter/Info.plist;
				LD_RUNPATH_SEARCH_PATHS = "$(inherited) @executable_path/Frameworks";
				PRODUCT_BUNDLE_IDENTIFIER = AnilORUC.StringFormatter;
				PRODUCT_NAME = "$(TARGET_NAME)";
				SWIFT_VERSION = 4.0;
			};
			name = Release;
		};
/* End XCBuildConfiguration section */

/* Begin XCConfigurationList section */
		D3D12FE61F221A2800AD87B4 /* Build configuration list for PBXProject "StringFormatter" */ = {
			isa = XCConfigurationList;
			buildConfigurations = (
				D3D12FFB1F221A2800AD87B4 /* Debug */,
				D3D12FFC1F221A2800AD87B4 /* Release */,
			);
			defaultConfigurationIsVisible = 0;
			defaultConfigurationName = Release;
		};
		D3D12FFD1F221A2800AD87B4 /* Build configuration list for PBXNativeTarget "StringFormatter" */ = {
			isa = XCConfigurationList;
			buildConfigurations = (
				D3D12FFE1F221A2800AD87B4 /* Debug */,
				D3D12FFF1F221A2800AD87B4 /* Release */,
			);
			defaultConfigurationIsVisible = 0;
			defaultConfigurationName = Release;
		};
/* End XCConfigurationList section */
	};
	rootObject = D3D12FE31F221A2800AD87B4 /* Project object */;
}
